
Microsoft Visual Studio Solution File, Format Version 12.00
# Visual Studio Version 17
VisualStudioVersion = 17.9.34723.18
MinimumVisualStudioVersion = 10.0.40219.1
Project("{FAE04EC0-301F-11D3-BF4B-00C04F79EFBC}") = "APICatalogo", "APICatalogo\APICatalogo.csproj", "{B1BF4D56-57F9-4096-94AE-EB57002AAB2D}"
EndProject
Global
	GlobalSection(SolutionConfigurationPlatforms) = preSolution
		Debug|Any CPU = Debug|Any CPU
		Release|Any CPU = Release|Any CPU
	EndGlobalSection
	GlobalSection(ProjectConfigurationPlatforms) = postSolution
		{B1BF4D56-57F9-4096-94AE-EB57002AAB2D}.Debug|Any CPU.ActiveCfg = Debug|Any CPU
		{B1BF4D56-57F9-4096-94AE-EB57002AAB2D}.Debug|Any CPU.Build.0 = Debug|Any CPU
		{B1BF4D56-57F9-4096-94AE-EB57002AAB2D}.Release|Any CPU.ActiveCfg = Release|Any CPU
		{B1BF4D56-57F9-4096-94AE-EB57002AAB2D}.Release|Any CPU.Build.0 = Release|Any CPU
	EndGlobalSection
	GlobalSection(SolutionProperties) = preSolution
		HideSolutionNode = FALSE
	EndGlobalSection
	GlobalSection(ExtensibilityGlobals) = postSolution
		SolutionGuid = {556E1797-4B4F-4D76-9688-99A01AC51C7D}
	EndGlobalSection
EndGlobal
